
Microsoft Visual Studio Solution File, Format Version 12.00
# Visual Studio Version 17
VisualStudioVersion = 17.13.35828.75 d17.13
MinimumVisualStudioVersion = 10.0.40219.1
Project("{FAE04EC0-301F-11D3-BF4B-00C04F79EFBC}") = "RecaptchaSolverApp", "RecaptchaSolverApp\RecaptchaSolverApp.csproj", "{1D6ACAE5-1F3C-4DC9-BDF8-9EFBBFF97F5D}"
EndProject
Global
	GlobalSection(SolutionConfigurationPlatforms) = preSolution
		Debug|Any CPU = Debug|Any CPU
		Release|Any CPU = Release|Any CPU
	EndGlobalSection
	GlobalSection(ProjectConfigurationPlatforms) = postSolution
		{1D6ACAE5-1F3C-4DC9-BDF8-9EFBBFF97F5D}.Debug|Any CPU.ActiveCfg = Debug|Any CPU
		{1D6ACAE5-1F3C-4DC9-BDF8-9EFBBFF97F5D}.Debug|Any CPU.Build.0 = Debug|Any CPU
		{1D6ACAE5-1F3C-4DC9-BDF8-9EFBBFF97F5D}.Release|Any CPU.ActiveCfg = Release|Any CPU
		{1D6ACAE5-1F3C-4DC9-BDF8-9EFBBFF97F5D}.Release|Any CPU.Build.0 = Release|Any CPU
	EndGlobalSection
	GlobalSection(SolutionProperties) = preSolution
		HideSolutionNode = FALSE
	EndGlobalSection
	GlobalSection(ExtensibilityGlobals) = postSolution
		SolutionGuid = {4BF48BED-FDF7-4DFC-90BF-1C7D16160208}
	EndGlobalSection
EndGlobal
